// !$*UTF8*$!
{
	archiveVersion = 1;
	classes = {
	};
	objectVersion = 56;
	objects = {

/* Begin PBXBuildFile section */
		5DADD9786E740F21F86F285A /* Pods_Example.framework in Frameworks */ = {isa = PBXBuildFile; fileRef = 9B16E59F1E7732B3E008C8CE /* Pods_Example.framework */; };
		AACCB2E62BA5ED3E00ACC0EC /* AppDelegate.swift in Sources */ = {isa = PBXBuildFile; fileRef = AACCB2E52BA5ED3E00ACC0EC /* AppDelegate.swift */; };
		AACCB2E82BA5ED3E00ACC0EC /* SceneDelegate.swift in Sources */ = {isa = PBXBuildFile; fileRef = AACCB2E72BA5ED3E00ACC0EC /* SceneDelegate.swift */; };
		AACCB2EA2BA5ED3E00ACC0EC /* ViewController.swift in Sources */ = {isa = PBXBuildFile; fileRef = AACCB2E92BA5ED3E00ACC0EC /* ViewController.swift */; };
		AACCB2ED2BA5ED3E00ACC0EC /* Main.storyboard in Resources */ = {isa = PBXBuildFile; fileRef = AACCB2EB2BA5ED3E00ACC0EC /* Main.storyboard */; };
		AACCB2EF2BA5ED4000ACC0EC /* Assets.xcassets in Resources */ = {isa = PBXBuildFile; fileRef = AACCB2EE2BA5ED4000ACC0EC /* Assets.xcassets */; };
		AACCB2F22BA5ED4000ACC0EC /* LaunchScreen.storyboard in Resources */ = {isa = PBXBuildFile; fileRef = AACCB2F02BA5ED4000ACC0EC /* LaunchScreen.storyboard */; };
		AACCB3062BA611AC00ACC0EC /* errorLottie.json in Resources */ = {isa = PBXBuildFile; fileRef = AACCB3032BA611AC00ACC0EC /* errorLottie.json */; };
		AACCB3082BA611AC00ACC0EC /* warningLottie.json in Resources */ = {isa = PBXBuildFile; fileRef = AACCB3052BA611AC00ACC0EC /* warningLottie.json */; };
		AACCB30A2BA611D700ACC0EC /* successLottie.json in Resources */ = {isa = PBXBuildFile; fileRef = AACCB3092BA611D700ACC0EC /* successLottie.json */; };
		AACCB30E2BA6143200ACC0EC /* errorSound.mp3 in Resources */ = {isa = PBXBuildFile; fileRef = AACCB30C2BA6143100ACC0EC /* errorSound.mp3 */; };
		AACCB30F2BA6143200ACC0EC /* warningSound.mp3 in Resources */ = {isa = PBXBuildFile; fileRef = AACCB30D2BA6143100ACC0EC /* warningSound.mp3 */; };
		AACCB3112BA6144E00ACC0EC /* successSound.mp3 in Resources */ = {isa = PBXBuildFile; fileRef = AACCB3102BA6144E00ACC0EC /* successSound.mp3 */; };
/* End PBXBuildFile section */

/* Begin PBXFileReference section */
		10CFDEF2FD90ED103E4041F6 /* Pods-Example.release.xcconfig */ = {isa = PBXFileReference; includeInIndex = 1; lastKnownFileType = text.xcconfig; name = "Pods-Example.release.xcconfig"; path = "Target Support Files/Pods-Example/Pods-Example.release.xcconfig"; sourceTree = "<group>"; };
		9B16E59F1E7732B3E008C8CE /* Pods_Example.framework */ = {isa = PBXFileReference; explicitFileType = wrapper.framework; includeInIndex = 0; path = Pods_Example.framework; sourceTree = BUILT_PRODUCTS_DIR; };
		AACCB2E22BA5ED3E00ACC0EC /* Example.app */ = {isa = PBXFileReference; explicitFileType = wrapper.application; includeInIndex = 0; path = Example.app; sourceTree = BUILT_PRODUCTS_DIR; };
		AACCB2E52BA5ED3E00ACC0EC /* AppDelegate.swift */ = {isa = PBXFileReference; lastKnownFileType = sourcecode.swift; path = AppDelegate.swift; sourceTree = "<group>"; };
		AACCB2E72BA5ED3E00ACC0EC /* SceneDelegate.swift */ = {isa = PBXFileReference; lastKnownFileType = sourcecode.swift; path = SceneDelegate.swift; sourceTree = "<group>"; };
		AACCB2E92BA5ED3E00ACC0EC /* ViewController.swift */ = {isa = PBXFileReference; lastKnownFileType = sourcecode.swift; path = ViewController.swift; sourceTree = "<group>"; };
		AACCB2EC2BA5ED3E00ACC0EC /* Base */ = {isa = PBXFileReference; lastKnownFileType = file.storyboard; name = Base; path = Base.lproj/Main.storyboard; sourceTree = "<group>"; };
		AACCB2EE2BA5ED4000ACC0EC /* Assets.xcassets */ = {isa = PBXFileReference; lastKnownFileType = folder.assetcatalog; path = Assets.xcassets; sourceTree = "<group>"; };
		AACCB2F12BA5ED4000ACC0EC /* Base */ = {isa = PBXFileReference; lastKnownFileType = file.storyboard; name = Base; path = Base.lproj/LaunchScreen.storyboard; sourceTree = "<group>"; };
		AACCB2F32BA5ED4000ACC0EC /* Info.plist */ = {isa = PBXFileReference; lastKnownFileType = text.plist.xml; path = Info.plist; sourceTree = "<group>"; };
		AACCB3032BA611AC00ACC0EC /* errorLottie.json */ = {isa = PBXFileReference; fileEncoding = 4; lastKnownFileType = text.json; path = errorLottie.json; sourceTree = "<group>"; };
		AACCB3052BA611AC00ACC0EC /* warningLottie.json */ = {isa = PBXFileReference; fileEncoding = 4; lastKnownFileType = text.json; path = warningLottie.json; sourceTree = "<group>"; };
		AACCB3092BA611D700ACC0EC /* successLottie.json */ = {isa = PBXFileReference; fileEncoding = 4; lastKnownFileType = text.json; path = successLottie.json; sourceTree = "<group>"; };
		AACCB30C2BA6143100ACC0EC /* errorSound.mp3 */ = {isa = PBXFileReference; lastKnownFileType = audio.mp3; path = errorSound.mp3; sourceTree = "<group>"; };
		AACCB30D2BA6143100ACC0EC /* warningSound.mp3 */ = {isa = PBXFileReference; lastKnownFileType = audio.mp3; path = warningSound.mp3; sourceTree = "<group>"; };
		AACCB3102BA6144E00ACC0EC /* successSound.mp3 */ = {isa = PBXFileReference; lastKnownFileType = audio.mp3; path = successSound.mp3; sourceTree = "<group>"; };
		D4EC3470F09CBFAA4708420A /* Pods-Example.debug.xcconfig */ = {isa = PBXFileReference; includeInIndex = 1; lastKnownFileType = text.xcconfig; name = "Pods-Example.debug.xcconfig"; path = "Target Support Files/Pods-Example/Pods-Example.debug.xcconfig"; sourceTree = "<group>"; };
/* End PBXFileReference section */

/* Begin PBXFrameworksBuildPhase section */
		AACCB2DF2BA5ED3E00ACC0EC /* Frameworks */ = {
			isa = PBXFrameworksBuildPhase;
			buildActionMask = 2147483647;
			files = (
				5DADD9786E740F21F86F285A /* Pods_Example.framework in Frameworks */,
			);
			runOnlyForDeploymentPostprocessing = 0;
		};
/* End PBXFrameworksBuildPhase section */

/* Begin PBXGroup section */
		21266DDFDDF57067713D5D7E /* Frameworks */ = {
			isa = PBXGroup;
			children = (
				9B16E59F1E7732B3E008C8CE /* Pods_Example.framework */,
			);
			name = Frameworks;
			sourceTree = "<group>";
		};
		AACCB2D92BA5ED3E00ACC0EC = {
			isa = PBXGroup;
			children = (
				AACCB2E42BA5ED3E00ACC0EC /* Example */,
				AACCB2E32BA5ED3E00ACC0EC /* Products */,
				E954DF81119CCD2C12319CBB /* Pods */,
				21266DDFDDF57067713D5D7E /* Frameworks */,
			);
			sourceTree = "<group>";
		};
		AACCB2E32BA5ED3E00ACC0EC /* Products */ = {
			isa = PBXGroup;
			children = (
				AACCB2E22BA5ED3E00ACC0EC /* Example.app */,
			);
			name = Products;
			sourceTree = "<group>";
		};
		AACCB2E42BA5ED3E00ACC0EC /* Example */ = {
			isa = PBXGroup;
			children = (
				AACCB3132BA6146100ACC0EC /* Resources */,
				AACCB2E52BA5ED3E00ACC0EC /* AppDelegate.swift */,
				AACCB2E72BA5ED3E00ACC0EC /* SceneDelegate.swift */,
				AACCB2E92BA5ED3E00ACC0EC /* ViewController.swift */,
				AACCB2EB2BA5ED3E00ACC0EC /* Main.storyboard */,
				AACCB2EE2BA5ED4000ACC0EC /* Assets.xcassets */,
				AACCB2F02BA5ED4000ACC0EC /* LaunchScreen.storyboard */,
				AACCB2F32BA5ED4000ACC0EC /* Info.plist */,
			);
			path = Example;
			sourceTree = "<group>";
		};
		AACCB30B2BA613D100ACC0EC /* Lottie Files */ = {
			isa = PBXGroup;
			children = (
				AACCB3032BA611AC00ACC0EC /* errorLottie.json */,
				AACCB3052BA611AC00ACC0EC /* warningLottie.json */,
				AACCB3092BA611D700ACC0EC /* successLottie.json */,
			);
			path = "Lottie Files";
			sourceTree = "<group>";
		};
		AACCB3122BA6145700ACC0EC /* Sounds */ = {
			isa = PBXGroup;
			children = (
				AACCB3102BA6144E00ACC0EC /* successSound.mp3 */,
				AACCB30C2BA6143100ACC0EC /* errorSound.mp3 */,
				AACCB30D2BA6143100ACC0EC /* warningSound.mp3 */,
			);
			path = Sounds;
			sourceTree = "<group>";
		};
		AACCB3132BA6146100ACC0EC /* Resources */ = {
			isa = PBXGroup;
			children = (
				AACCB3122BA6145700ACC0EC /* Sounds */,
				AACCB30B2BA613D100ACC0EC /* Lottie Files */,
			);
			path = Resources;
			sourceTree = "<group>";
		};
		E954DF81119CCD2C12319CBB /* Pods */ = {
			isa = PBXGroup;
			children = (
				D4EC3470F09CBFAA4708420A /* Pods-Example.debug.xcconfig */,
				10CFDEF2FD90ED103E4041F6 /* Pods-Example.release.xcconfig */,
			);
			path = Pods;
			sourceTree = "<group>";
		};
/* End PBXGroup section */

/* Begin PBXNativeTarget section */
		AACCB2E12BA5ED3E00ACC0EC /* Example */ = {
			isa = PBXNativeTarget;
			buildConfigurationList = AACCB2F62BA5ED4000ACC0EC /* Build configuration list for PBXNativeTarget "Example" */;
			buildPhases = (
				0EA59A3FB73AB1B2B7077C67 /* [CP] Check Pods Manifest.lock */,
				AACCB2DE2BA5ED3E00ACC0EC /* Sources */,
				AACCB2DF2BA5ED3E00ACC0EC /* Frameworks */,
				AACCB2E02BA5ED3E00ACC0EC /* Resources */,
				356064C5E32D6090CA1660E9 /* [CP] Embed Pods Frameworks */,
			);
			buildRules = (
			);
			dependencies = (
			);
			name = Example;
			productName = Example;
			productReference = AACCB2E22BA5ED3E00ACC0EC /* Example.app */;
			productType = "com.apple.product-type.application";
		};
/* End PBXNativeTarget section */

/* Begin PBXProject section */
		AACCB2DA2BA5ED3E00ACC0EC /* Project object */ = {
			isa = PBXProject;
			attributes = {
				BuildIndependentTargetsInParallel = 1;
				LastSwiftUpdateCheck = 1500;
				LastUpgradeCheck = 1500;
				TargetAttributes = {
					AACCB2E12BA5ED3E00ACC0EC = {
						CreatedOnToolsVersion = 15.0;
					};
				};
			};
			buildConfigurationList = AACCB2DD2BA5ED3E00ACC0EC /* Build configuration list for PBXProject "Example" */;
			compatibilityVersion = "Xcode 14.0";
			developmentRegion = en;
			hasScannedForEncodings = 0;
			knownRegions = (
				en,
				Base,
			);
			mainGroup = AACCB2D92BA5ED3E00ACC0EC;
			productRefGroup = AACCB2E32BA5ED3E00ACC0EC /* Products */;
			projectDirPath = "";
			projectRoot = "";
			targets = (
				AACCB2E12BA5ED3E00ACC0EC /* Example */,
			);
		};
/* End PBXProject section */

/* Begin PBXResourcesBuildPhase section */
		AACCB2E02BA5ED3E00ACC0EC /* Resources */ = {
			isa = PBXResourcesBuildPhase;
			buildActionMask = 2147483647;
			files = (
				AACCB2F22BA5ED4000ACC0EC /* LaunchScreen.storyboard in Resources */,
				AACCB3112BA6144E00ACC0EC /* successSound.mp3 in Resources */,
				AACCB30F2BA6143200ACC0EC /* warningSound.mp3 in Resources */,
				AACCB2EF2BA5ED4000ACC0EC /* Assets.xcassets in Resources */,
				AACCB30A2BA611D700ACC0EC /* successLottie.json in Resources */,
				AACCB30E2BA6143200ACC0EC /* errorSound.mp3 in Resources */,
				AACCB2ED2BA5ED3E00ACC0EC /* Main.storyboard in Resources */,
				AACCB3062BA611AC00ACC0EC /* errorLottie.json in Resources */,
				AACCB3082BA611AC00ACC0EC /* warningLottie.json in Resources */,
			);
			runOnlyForDeploymentPostprocessing = 0;
		};
/* End PBXResourcesBuildPhase section */

/* Begin PBXShellScriptBuildPhase section */
		0EA59A3FB73AB1B2B7077C67 /* [CP] Check Pods Manifest.lock */ = {
			isa = PBXShellScriptBuildPhase;
			buildActionMask = 2147483647;
			files = (
			);
			inputFileListPaths = (
			);
			inputPaths = (
				"${PODS_PODFILE_DIR_PATH}/Podfile.lock",
				"${PODS_ROOT}/Manifest.lock",
			);
			name = "[CP] Check Pods Manifest.lock";
			outputFileListPaths = (
			);
			outputPaths = (
				"$(DERIVED_FILE_DIR)/Pods-Example-checkManifestLockResult.txt",
			);
			runOnlyForDeploymentPostprocessing = 0;
			shellPath = /bin/sh;
			shellScript = "diff \"${PODS_PODFILE_DIR_PATH}/Podfile.lock\" \"${PODS_ROOT}/Manifest.lock\" > /dev/null\nif [ $? != 0 ] ; then\n    # print error to STDERR\n    echo \"error: The sandbox is not in sync with the Podfile.lock. Run 'pod install' or update your CocoaPods installation.\" >&2\n    exit 1\nfi\n# This output is used by Xcode 'outputs' to avoid re-running this script phase.\necho \"SUCCESS\" > \"${SCRIPT_OUTPUT_FILE_0}\"\n";
			showEnvVarsInLog = 0;
		};
		356064C5E32D6090CA1660E9 /* [CP] Embed Pods Frameworks */ = {
			isa = PBXShellScriptBuildPhase;
			buildActionMask = 2147483647;
			files = (
			);
			inputFileListPaths = (
				"${PODS_ROOT}/Target Support Files/Pods-Example/Pods-Example-frameworks-${CONFIGURATION}-input-files.xcfilelist",
			);
			name = "[CP] Embed Pods Frameworks";
			outputFileListPaths = (
				"${PODS_ROOT}/Target Support Files/Pods-Example/Pods-Example-frameworks-${CONFIGURATION}-output-files.xcfilelist",
			);
			runOnlyForDeploymentPostprocessing = 0;
			shellPath = /bin/sh;
			shellScript = "\"${PODS_ROOT}/Target Support Files/Pods-Example/Pods-Example-frameworks.sh\"\n";
			showEnvVarsInLog = 0;
		};
/* End PBXShellScriptBuildPhase section */

/* Begin PBXSourcesBuildPhase section */
		AACCB2DE2BA5ED3E00ACC0EC /* Sources */ = {
			isa = PBXSourcesBuildPhase;
			buildActionMask = 2147483647;
			files = (
				AACCB2EA2BA5ED3E00ACC0EC /* ViewController.swift in Sources */,
				AACCB2E62BA5ED3E00ACC0EC /* AppDelegate.swift in Sources */,
				AACCB2E82BA5ED3E00ACC0EC /* SceneDelegate.swift in Sources */,
			);
			runOnlyForDeploymentPostprocessing = 0;
		};
/* End PBXSourcesBuildPhase section */

/* Begin PBXVariantGroup section */
		AACCB2EB2BA5ED3E00ACC0EC /* Main.storyboard */ = {
			isa = PBXVariantGroup;
			children = (
				AACCB2EC2BA5ED3E00ACC0EC /* Base */,
			);
			name = Main.storyboard;
			sourceTree = "<group>";
		};
		AACCB2F02BA5ED4000ACC0EC /* LaunchScreen.storyboard */ = {
			isa = PBXVariantGroup;
			children = (
				AACCB2F12BA5ED4000ACC0EC /* Base */,
			);
			name = LaunchScreen.storyboard;
			sourceTree = "<group>";
		};
/* End PBXVariantGroup section */

/* Begin XCBuildConfiguration section */
		AACCB2F42BA5ED4000ACC0EC /* Debug */ = {
			isa = XCBuildConfiguration;
			buildSettings = {
				ALWAYS_SEARCH_USER_PATHS = NO;
				ASSETCATALOG_COMPILER_GENERATE_SWIFT_ASSET_SYMBOL_EXTENSIONS = YES;
				CLANG_ANALYZER_NONNULL = YES;
				CLANG_ANALYZER_NUMBER_OBJECT_CONVERSION = YES_AGGRESSIVE;
				CLANG_CXX_LANGUAGE_STANDARD = "gnu++20";
				CLANG_ENABLE_MODULES = YES;
				CLANG_ENABLE_OBJC_ARC = YES;
				CLANG_ENABLE_OBJC_WEAK = YES;
				CLANG_WARN_BLOCK_CAPTURE_AUTORELEASING = YES;
				CLANG_WARN_BOOL_CONVERSION = YES;
				CLANG_WARN_COMMA = YES;
				CLANG_WARN_CONSTANT_CONVERSION = YES;
				CLANG_WARN_DEPRECATED_OBJC_IMPLEMENTATIONS = YES;
				CLANG_WARN_DIRECT_OBJC_ISA_USAGE = YES_ERROR;
				CLANG_WARN_DOCUMENTATION_COMMENTS = YES;
				CLANG_WARN_EMPTY_BODY = YES;
				CLANG_WARN_ENUM_CONVERSION = YES;
				CLANG_WARN_INFINITE_RECURSION = YES;
				CLANG_WARN_INT_CONVERSION = YES;
				CLANG_WARN_NON_LITERAL_NULL_CONVERSION = YES;
				CLANG_WARN_OBJC_IMPLICIT_RETAIN_SELF = YES;
				CLANG_WARN_OBJC_LITERAL_CONVERSION = YES;
				CLANG_WARN_OBJC_ROOT_CLASS = YES_ERROR;
				CLANG_WARN_QUOTED_INCLUDE_IN_FRAMEWORK_HEADER = YES;
				CLANG_WARN_RANGE_LOOP_ANALYSIS = YES;
				CLANG_WARN_STRICT_PROTOTYPES = YES;
				CLANG_WARN_SUSPICIOUS_MOVE = YES;
				CLANG_WARN_UNGUARDED_AVAILABILITY = YES_AGGRESSIVE;
				CLANG_WARN_UNREACHABLE_CODE = YES;
				CLANG_WARN__DUPLICATE_METHOD_MATCH = YES;
				COPY_PHASE_STRIP = NO;
				DEBUG_INFORMATION_FORMAT = dwarf;
				ENABLE_STRICT_OBJC_MSGSEND = YES;
				ENABLE_TESTABILITY = YES;
				ENABLE_USER_SCRIPT_SANDBOXING = YES;
				GCC_C_LANGUAGE_STANDARD = gnu17;
				GCC_DYNAMIC_NO_PIC = NO;
				GCC_NO_COMMON_BLOCKS = YES;
				GCC_OPTIMIZATION_LEVEL = 0;
				GCC_PREPROCESSOR_DEFINITIONS = (
					"DEBUG=1",
					"$(inherited)",
				);
				GCC_WARN_64_TO_32_BIT_CONVERSION = YES;
				GCC_WARN_ABOUT_RETURN_TYPE = YES_ERROR;
				GCC_WARN_UNDECLARED_SELECTOR = YES;
				GCC_WARN_UNINITIALIZED_AUTOS = YES_AGGRESSIVE;
				GCC_WARN_UNUSED_FUNCTION = YES;
				GCC_WARN_UNUSED_VARIABLE = YES;
				IPHONEOS_DEPLOYMENT_TARGET = 17.0;
				LOCALIZATION_PREFERS_STRING_CATALOGS = YES;
				MTL_ENABLE_DEBUG_INFO = INCLUDE_SOURCE;
				MTL_FAST_MATH = YES;
				ONLY_ACTIVE_ARCH = YES;
				SDKROOT = iphoneos;
				SWIFT_ACTIVE_COMPILATION_CONDITIONS = "DEBUG $(inherited)";
				SWIFT_OPTIMIZATION_LEVEL = "-Onone";
			};
			name = Debug;
		};
		AACCB2F52BA5ED4000ACC0EC /* Release */ = {
			isa = XCBuildConfiguration;
			buildSettings = {
				ALWAYS_SEARCH_USER_PATHS = NO;
				ASSETCATALOG_COMPILER_GENERATE_SWIFT_ASSET_SYMBOL_EXTENSIONS = YES;
				CLANG_ANALYZER_NONNULL = YES;
				CLANG_ANALYZER_NUMBER_OBJECT_CONVERSION = YES_AGGRESSIVE;
				CLANG_CXX_LANGUAGE_STANDARD = "gnu++20";
				CLANG_ENABLE_MODULES = YES;
				CLANG_ENABLE_OBJC_ARC = YES;
				CLANG_ENABLE_OBJC_WEAK = YES;
				CLANG_WARN_BLOCK_CAPTURE_AUTORELEASING = YES;
				CLANG_WARN_BOOL_CONVERSION = YES;
				CLANG_WARN_COMMA = YES;
				CLANG_WARN_CONSTANT_CONVERSION = YES;
				CLANG_WARN_DEPRECATED_OBJC_IMPLEMENTATIONS = YES;
				CLANG_WARN_DIRECT_OBJC_ISA_USAGE = YES_ERROR;
				CLANG_WARN_DOCUMENTATION_COMMENTS = YES;
				CLANG_WARN_EMPTY_BODY = YES;
				CLANG_WARN_ENUM_CONVERSION = YES;
				CLANG_WARN_INFINITE_RECURSION = YES;
				CLANG_WARN_INT_CONVERSION = YES;
				CLANG_WARN_NON_LITERAL_NULL_CONVERSION = YES;
				CLANG_WARN_OBJC_IMPLICIT_RETAIN_SELF = YES;
				CLANG_WARN_OBJC_LITERAL_CONVERSION = YES;
				CLANG_WARN_OBJC_ROOT_CLASS = YES_ERROR;
				CLANG_WARN_QUOTED_INCLUDE_IN_FRAMEWORK_HEADER = YES;
				CLANG_WARN_RANGE_LOOP_ANALYSIS = YES;
				CLANG_WARN_STRICT_PROTOTYPES = YES;
				CLANG_WARN_SUSPICIOUS_MOVE = YES;
				CLANG_WARN_UNGUARDED_AVAILABILITY = YES_AGGRESSIVE;
				CLANG_WARN_UNREACHABLE_CODE = YES;
				CLANG_WARN__DUPLICATE_METHOD_MATCH = YES;
				COPY_PHASE_STRIP = NO;
				DEBUG_INFORMATION_FORMAT = "dwarf-with-dsym";
				ENABLE_NS_ASSERTIONS = NO;
				ENABLE_STRICT_OBJC_MSGSEND = YES;
				ENABLE_USER_SCRIPT_SANDBOXING = YES;
				GCC_C_LANGUAGE_STANDARD = gnu17;
				GCC_NO_COMMON_BLOCKS = YES;
				GCC_WARN_64_TO_32_BIT_CONVERSION = YES;
				GCC_WARN_ABOUT_RETURN_TYPE = YES_ERROR;
				GCC_WARN_UNDECLARED_SELECTOR = YES;
				GCC_WARN_UNINITIALIZED_AUTOS = YES_AGGRESSIVE;
				GCC_WARN_UNUSED_FUNCTION = YES;
				GCC_WARN_UNUSED_VARIABLE = YES;
				IPHONEOS_DEPLOYMENT_TARGET = 17.0;
				LOCALIZATION_PREFERS_STRING_CATALOGS = YES;
				MTL_ENABLE_DEBUG_INFO = NO;
				MTL_FAST_MATH = YES;
				SDKROOT = iphoneos;
				SWIFT_COMPILATION_MODE = wholemodule;
				VALIDATE_PRODUCT = YES;
			};
			name = Release;
		};
		AACCB2F72BA5ED4000ACC0EC /* Debug */ = {
			isa = XCBuildConfiguration;
			baseConfigurationReference = D4EC3470F09CBFAA4708420A /* Pods-Example.debug.xcconfig */;
			buildSettings = {
				ASSETCATALOG_COMPILER_APPICON_NAME = AppIcon;
				ASSETCATALOG_COMPILER_GLOBAL_ACCENT_COLOR_NAME = AccentColor;
				CODE_SIGN_STYLE = Automatic;
				CURRENT_PROJECT_VERSION = 1;
				DEVELOPMENT_TEAM = NHJYLSCHUC;
				ENABLE_USER_SCRIPT_SANDBOXING = NO;
				GENERATE_INFOPLIST_FILE = YES;
				INFOPLIST_FILE = Example/Info.plist;
				INFOPLIST_KEY_UIApplicationSupportsIndirectInputEvents = YES;
				INFOPLIST_KEY_UILaunchStoryboardName = LaunchScreen;
				INFOPLIST_KEY_UIMainStoryboardFile = Main;
				INFOPLIST_KEY_UISupportedInterfaceOrientations_iPad = "UIInterfaceOrientationPortrait UIInterfaceOrientationPortraitUpsideDown UIInterfaceOrientationLandscapeLeft UIInterfaceOrientationLandscapeRight";
				INFOPLIST_KEY_UISupportedInterfaceOrientations_iPhone = "UIInterfaceOrientationPortrait UIInterfaceOrientationLandscapeLeft UIInterfaceOrientationLandscapeRight";
				LD_RUNPATH_SEARCH_PATHS = (
					"$(inherited)",
					"@executable_path/Frameworks",
				);
				MARKETING_VERSION = 1.0;
				PRODUCT_BUNDLE_IDENTIFIER = eslam.ali.Example;
				PRODUCT_NAME = "$(TARGET_NAME)";
				SWIFT_EMIT_LOC_STRINGS = YES;
				SWIFT_VERSION = 5.0;
				TARGETED_DEVICE_FAMILY = "1,2";
			};
			name = Debug;
		};
		AACCB2F82BA5ED4000ACC0EC /* Release */ = {
			isa = XCBuildConfiguration;
			baseConfigurationReference = 10CFDEF2FD90ED103E4041F6 /* Pods-Example.release.xcconfig */;
			buildSettings = {
				ASSETCATALOG_COMPILER_APPICON_NAME = AppIcon;
				ASSETCATALOG_COMPILER_GLOBAL_ACCENT_COLOR_NAME = AccentColor;
				CODE_SIGN_STYLE = Automatic;
				CURRENT_PROJECT_VERSION = 1;
				DEVELOPMENT_TEAM = NHJYLSCHUC;
				ENABLE_USER_SCRIPT_SANDBOXING = NO;
				GENERATE_INFOPLIST_FILE = YES;
				INFOPLIST_FILE = Example/Info.plist;
				INFOPLIST_KEY_UIApplicationSupportsIndirectInputEvents = YES;
				INFOPLIST_KEY_UILaunchStoryboardName = LaunchScreen;
				INFOPLIST_KEY_UIMainStoryboardFile = Main;
				INFOPLIST_KEY_UISupportedInterfaceOrientations_iPad = "UIInterfaceOrientationPortrait UIInterfaceOrientationPortraitUpsideDown UIInterfaceOrientationLandscapeLeft UIInterfaceOrientationLandscapeRight";
				INFOPLIST_KEY_UISupportedInterfaceOrientations_iPhone = "UIInterfaceOrientationPortrait UIInterfaceOrientationLandscapeLeft UIInterfaceOrientationLandscapeRight";
				LD_RUNPATH_SEARCH_PATHS = (
					"$(inherited)",
					"@executable_path/Frameworks",
				);
				MARKETING_VERSION = 1.0;
				PRODUCT_BUNDLE_IDENTIFIER = eslam.ali.Example;
				PRODUCT_NAME = "$(TARGET_NAME)";
				SWIFT_EMIT_LOC_STRINGS = YES;
				SWIFT_VERSION = 5.0;
				TARGETED_DEVICE_FAMILY = "1,2";
			};
			name = Release;
		};
/* End XCBuildConfiguration section */

/* Begin XCConfigurationList section */
		AACCB2DD2BA5ED3E00ACC0EC /* Build configuration list for PBXProject "Example" */ = {
			isa = XCConfigurationList;
			buildConfigurations = (
				AACCB2F42BA5ED4000ACC0EC /* Debug */,
				AACCB2F52BA5ED4000ACC0EC /* Release */,
			);
			defaultConfigurationIsVisible = 0;
			defaultConfigurationName = Release;
		};
		AACCB2F62BA5ED4000ACC0EC /* Build configuration list for PBXNativeTarget "Example" */ = {
			isa = XCConfigurationList;
			buildConfigurations = (
				AACCB2F72BA5ED4000ACC0EC /* Debug */,
				AACCB2F82BA5ED4000ACC0EC /* Release */,
			);
			defaultConfigurationIsVisible = 0;
			defaultConfigurationName = Release;
		};
/* End XCConfigurationList section */
	};
	rootObject = AACCB2DA2BA5ED3E00ACC0EC /* Project object */;
}
